
Microsoft Visual Studio Solution File, Format Version 12.00
# Visual Studio 15
VisualStudioVersion = 15.0.28307.1145
MinimumVisualStudioVersion = 10.0.40219.1
Project("{FAE04EC0-301F-11D3-BF4B-00C04F79EFBC}") = "ETicaret", "ETicaret\ETicaret.csproj", "{A643CFB9-9DA0-4F20-AFAC-B4AA7878EBA4}"
EndProject
Global
	GlobalSection(SolutionConfigurationPlatforms) = preSolution
		Debug|Any CPU = Debug|Any CPU
		Release|Any CPU = Release|Any CPU
	EndGlobalSection
	GlobalSection(ProjectConfigurationPlatforms) = postSolution
		{A643CFB9-9DA0-4F20-AFAC-B4AA7878EBA4}.Debug|Any CPU.ActiveCfg = Debug|Any CPU
		{A643CFB9-9DA0-4F20-AFAC-B4AA7878EBA4}.Debug|Any CPU.Build.0 = Debug|Any CPU
		{A643CFB9-9DA0-4F20-AFAC-B4AA7878EBA4}.Release|Any CPU.ActiveCfg = Release|Any CPU
		{A643CFB9-9DA0-4F20-AFAC-B4AA7878EBA4}.Release|Any CPU.Build.0 = Release|Any CPU
	EndGlobalSection
	GlobalSection(SolutionProperties) = preSolution
		HideSolutionNode = FALSE
	EndGlobalSection
	GlobalSection(ExtensibilityGlobals) = postSolution
		SolutionGuid = {DDB45D48-BD49-4EA6-8C59-3D37880D83C2}
	EndGlobalSection
EndGlobal
